{
  "name": "practices",
  "version": "1.0.0",
  "lockfileVersion": 2,
  "requires": true,
  "packages": {
    "": {
      "name": "practices",
      "version": "1.0.0",
      "license": "ISC",
      "dependencies": {
        "douzone-wjn135-math": "file:douzone-wjn135-math"
      }
    },
    "douzone-wjn135-math": {
      "version": "1.0.0",
      "license": "ISC"
    },
    "node_modules/douzone-wjn135-math": {
      "resolved": "douzone-wjn135-math",
      "link": true
    }
  },
  "dependencies": {
    "douzone-wjn135-math": {
      "version": "file:douzone-wjn135-math"
    }
  }
}
